
Microsoft Visual Studio Solution File, Format Version 12.00
# Visual Studio 15
VisualStudioVersion = 15.0.27428.1
MinimumVisualStudioVersion = 10.0.40219.1
Project("{FAE04EC0-301F-11D3-BF4B-00C04F79EFBC}") = "CreatingClassWithMethodsAndFields", "CreatingClassWithMethodsAndFields\CreatingClassWithMethodsAndFields.csproj", "{4F24BC77-ABB1-4061-A8F4-7DAA727DB4CF}"
EndProject
Global
	GlobalSection(SolutionConfigurationPlatforms) = preSolution
		Debug|Any CPU = Debug|Any CPU
		Release|Any CPU = Release|Any CPU
	EndGlobalSection
	GlobalSection(ProjectConfigurationPlatforms) = postSolution
		{4F24BC77-ABB1-4061-A8F4-7DAA727DB4CF}.Debug|Any CPU.ActiveCfg = Debug|Any CPU
		{4F24BC77-ABB1-4061-A8F4-7DAA727DB4CF}.Debug|Any CPU.Build.0 = Debug|Any CPU
		{4F24BC77-ABB1-4061-A8F4-7DAA727DB4CF}.Release|Any CPU.ActiveCfg = Release|Any CPU
		{4F24BC77-ABB1-4061-A8F4-7DAA727DB4CF}.Release|Any CPU.Build.0 = Release|Any CPU
	EndGlobalSection
	GlobalSection(SolutionProperties) = preSolution
		HideSolutionNode = FALSE
	EndGlobalSection
	GlobalSection(ExtensibilityGlobals) = postSolution
		SolutionGuid = {5771D8AF-DB90-4EB4-AB62-7F4192CE5CF8}
	EndGlobalSection
EndGlobal
